{
    "_meta": {
        "hash": {
            "sha256": "df424c90b918d78bdc673938804923a5fccc79da3dd55c4aa7474ea5549904b0"
        },
        "pipfile-spec": 6,
        "requires": {
            "python_full_version": "3.10.6",
            "python_version": "3.10"
        },
        "sources": [
            {
                "name": "pypi",
                "url": "https://pypi.org/simple",
                "verify_ssl": true
            }
        ]
    },
    "default": {},
    "develop": {}
}
